{
  "name": "thinkspace",
  "lockfileVersion": 2,
  "requires": true,
  "packages": {
    "": {
      "dependencies": {
        "three.interaction": "^0.2.3"
      }
    },
    "node_modules/three": {
      "version": "0.89.0",
      "resolved": "https://registry.npmjs.org/three/-/three-0.89.0.tgz",
      "integrity": "sha1-RELYGaYWiHG40ss3rRKiQxDBcPU=",
      "peer": true
    },
    "node_modules/three.interaction": {
      "version": "0.2.3",
      "resolved": "https://registry.npmjs.org/three.interaction/-/three.interaction-0.2.3.tgz",
      "integrity": "sha512-gipj4E9WSASSys3SC5uU8HPmHodTDYmggJqKN5yjl6S2vG966EkGLu67jkXQoyB/yvGx38C72vHwdjICAh+avg==",
      "peerDependencies": {
        "three": "^0.89.0"
      }
    }
  },
  "dependencies": {
    "three": {
      "version": "0.89.0",
      "resolved": "https://registry.npmjs.org/three/-/three-0.89.0.tgz",
      "integrity": "sha1-RELYGaYWiHG40ss3rRKiQxDBcPU=",
      "peer": true
    },
    "three.interaction": {
      "version": "0.2.3",
      "resolved": "https://registry.npmjs.org/three.interaction/-/three.interaction-0.2.3.tgz",
      "integrity": "sha512-gipj4E9WSASSys3SC5uU8HPmHodTDYmggJqKN5yjl6S2vG966EkGLu67jkXQoyB/yvGx38C72vHwdjICAh+avg==",
      "requires": {}
    }
  }
}
