# THIS IS AN AUTOGENERATED FILE. DO NOT EDIT THIS FILE DIRECTLY.
# yarn lockfile v1


three.interaction@^0.2.3:
  version "0.2.3"
  resolved "https://registry.yarnpkg.com/three.interaction/-/three.interaction-0.2.3.tgz#f7947b4e44649a822335b03b1dcc68c659d71c04"
  integrity sha512-gipj4E9WSASSys3SC5uU8HPmHodTDYmggJqKN5yjl6S2vG966EkGLu67jkXQoyB/yvGx38C72vHwdjICAh+avg==

three@^0.135.0:
  version "0.135.0"
  resolved "https://registry.yarnpkg.com/three/-/three-0.135.0.tgz#cff4ec8edd3c51ce9bc7e88d13e8eafed4d0ddfc"
  integrity sha512-kuEpuuxRzLv0MDsXai9huCxOSQPZ4vje6y0gn80SRmQvgz6/+rI0NAvCRAw56zYaWKMGMfqKWsxF9Qa2Z9xymQ==
