# THIS IS AN AUTOGENERATED FILE. DO NOT EDIT THIS FILE DIRECTLY.
# yarn lockfile v1


three-text2d@^0.6.0:
  version "0.6.0"
  resolved "https://registry.yarnpkg.com/three-text2d/-/three-text2d-0.6.0.tgz#ba769b3af40eb8561155c86f869beb8f72332345"
  integrity sha512-u0Lj+qfV63UPNmS+QaMkxZ1+ZjRgdKsoxs9Pli9xX7d2x8k2cUP7tCGomEgAc0pxqfm7PV0zZP5tFU37n4Vibw==
